
Microsoft Visual Studio Solution File, Format Version 12.00
# Visual Studio Version 16
VisualStudioVersion = 16.0.29709.97
MinimumVisualStudioVersion = 10.0.40219.1
Project("{FAE04EC0-301F-11D3-BF4B-00C04F79EFBC}") = "Lab_04_niestacjonarne", "Lab_04_niestacjonarne\Lab_04_niestacjonarne.csproj", "{5F544C13-B8A5-47FD-B5E8-BF3AAF8AB907}"
EndProject
Global
	GlobalSection(SolutionConfigurationPlatforms) = preSolution
		Debug|Any CPU = Debug|Any CPU
		Release|Any CPU = Release|Any CPU
	EndGlobalSection
	GlobalSection(ProjectConfigurationPlatforms) = postSolution
		{5F544C13-B8A5-47FD-B5E8-BF3AAF8AB907}.Debug|Any CPU.ActiveCfg = Debug|Any CPU
		{5F544C13-B8A5-47FD-B5E8-BF3AAF8AB907}.Debug|Any CPU.Build.0 = Debug|Any CPU
		{5F544C13-B8A5-47FD-B5E8-BF3AAF8AB907}.Release|Any CPU.ActiveCfg = Release|Any CPU
		{5F544C13-B8A5-47FD-B5E8-BF3AAF8AB907}.Release|Any CPU.Build.0 = Release|Any CPU
	EndGlobalSection
	GlobalSection(SolutionProperties) = preSolution
		HideSolutionNode = FALSE
	EndGlobalSection
	GlobalSection(ExtensibilityGlobals) = postSolution
		SolutionGuid = {05F6A4D9-DA0C-4F90-BF9F-913D13C4D95C}
	EndGlobalSection
EndGlobal
